Microsoft Visual Studio Solution File, Format Version 11.00
# Visual Studio 2008

Project("{8A12356E-E607-114D-684C-19FD4F3CF3DA}") = "Harpoon Fight", "Assembly-CSharp.csproj", "{4FB4265F-BA8E-18C7-9035-0C176E8AC7E0}"
EndProject
Project("{8A12356E-E607-114D-684C-19FD4F3CF3DA}") = "Harpoon Fight", "Assembly-CSharp-Editor.csproj", "{044D2369-01E9-735F-ADC6-4CBB4C24A2E4}"
EndProject
Global
	GlobalSection(SolutionConfigurationPlatforms) = preSolution
		Debug|Any CPU = Debug|Any CPU
		Release|Any CPU = Release|Any CPU
	EndGlobalSection
	GlobalSection(ProjectConfigurationPlatforms) = postSolution
		{4FB4265F-BA8E-18C7-9035-0C176E8AC7E0}.Debug|Any CPU.ActiveCfg = Debug|Any CPU
		{4FB4265F-BA8E-18C7-9035-0C176E8AC7E0}.Debug|Any CPU.Build.0 = Debug|Any CPU
		{4FB4265F-BA8E-18C7-9035-0C176E8AC7E0}.Release|Any CPU.ActiveCfg = Release|Any CPU
		{4FB4265F-BA8E-18C7-9035-0C176E8AC7E0}.Release|Any CPU.Build.0 = Release|Any CPU
		{044D2369-01E9-735F-ADC6-4CBB4C24A2E4}.Debug|Any CPU.ActiveCfg = Debug|Any CPU
		{044D2369-01E9-735F-ADC6-4CBB4C24A2E4}.Debug|Any CPU.Build.0 = Debug|Any CPU
		{044D2369-01E9-735F-ADC6-4CBB4C24A2E4}.Release|Any CPU.ActiveCfg = Release|Any CPU
		{044D2369-01E9-735F-ADC6-4CBB4C24A2E4}.Release|Any CPU.Build.0 = Release|Any CPU
	EndGlobalSection
	GlobalSection(SolutionProperties) = preSolution
		HideSolutionNode = FALSE
	EndGlobalSection
											GlobalSection(MonoDevelopProperties) = preSolution
		StartupItem = Assembly-CSharp.csproj
		Policies = $0
		$0.TextStylePolicy = $1
		$1.inheritsSet = null
		$1.scope = text/x-csharp
		$0.CSharpFormattingPolicy = $2
		$2.inheritsSet = Mono
		$2.inheritsScope = text/x-csharp
		$2.scope = text/x-csharp
		$0.TextStylePolicy = $3
		$3.FileWidth = 120
		$3.TabWidth = 4
		$3.EolMarker = Unix
		$3.inheritsSet = Mono
		$3.inheritsScope = text/plain
		$3.scope = text/plain
	EndGlobalSection

EndGlobal
